// !$*UTF8*$!
{
	archiveVersion = 1;
	classes = {
	};
	objectVersion = 55;
	objects = {

/* Begin PBXBuildFile section */
		04574BA0282E8F6F00B53965 /* MapsApp.swift in Sources */ = {isa = PBXBuildFile; fileRef = 04574B9F282E8F6F00B53965 /* MapsApp.swift */; };
		04574BA4282E8F7300B53965 /* Assets.xcassets in Resources */ = {isa = PBXBuildFile; fileRef = 04574BA3282E8F7300B53965 /* Assets.xcassets */; };
		04574BA7282E8F7300B53965 /* Preview Assets.xcassets in Resources */ = {isa = PBXBuildFile; fileRef = 04574BA6282E8F7300B53965 /* Preview Assets.xcassets */; };
		04574BB2282E8F7300B53965 /* MapsTests.swift in Sources */ = {isa = PBXBuildFile; fileRef = 04574BB1282E8F7300B53965 /* MapsTests.swift */; };
		04574BBC282E8F7300B53965 /* MapsUITests.swift in Sources */ = {isa = PBXBuildFile; fileRef = 04574BBB282E8F7300B53965 /* MapsUITests.swift */; };
		04574BBE282E8F7300B53965 /* MapsUITestsLaunchTests.swift in Sources */ = {isa = PBXBuildFile; fileRef = 04574BBD282E8F7300B53965 /* MapsUITestsLaunchTests.swift */; };
		04574BCC282E921D00B53965 /* HomeScreen.swift in Sources */ = {isa = PBXBuildFile; fileRef = 04574BCB282E921D00B53965 /* HomeScreen.swift */; };
		04574BCE282E928F00B53965 /* SideBar.swift in Sources */ = {isa = PBXBuildFile; fileRef = 04574BCD282E928F00B53965 /* SideBar.swift */; };
		04574BD0282E929F00B53965 /* MapScreen.swift in Sources */ = {isa = PBXBuildFile; fileRef = 04574BCF282E929F00B53965 /* MapScreen.swift */; };
		04574BD3282E93AC00B53965 /* MapView.swift in Sources */ = {isa = PBXBuildFile; fileRef = 04574BD2282E93AC00B53965 /* MapView.swift */; };
/* End PBXBuildFile section */

/* Begin PBXContainerItemProxy section */
		04574BAE282E8F7300B53965 /* PBXContainerItemProxy */ = {
			isa = PBXContainerItemProxy;
			containerPortal = 04574B94282E8F6F00B53965 /* Project object */;
			proxyType = 1;
			remoteGlobalIDString = 04574B9B282E8F6F00B53965;
			remoteInfo = Maps;
		};
		04574BB8282E8F7300B53965 /* PBXContainerItemProxy */ = {
			isa = PBXContainerItemProxy;
			containerPortal = 04574B94282E8F6F00B53965 /* Project object */;
			proxyType = 1;
			remoteGlobalIDString = 04574B9B282E8F6F00B53965;
			remoteInfo = Maps;
		};
/* End PBXContainerItemProxy section */

/* Begin PBXFileReference section */
		04574B9C282E8F6F00B53965 /* Maps.app */ = {isa = PBXFileReference; explicitFileType = wrapper.application; includeInIndex = 0; path = Maps.app; sourceTree = BUILT_PRODUCTS_DIR; };
		04574B9F282E8F6F00B53965 /* MapsApp.swift */ = {isa = PBXFileReference; lastKnownFileType = sourcecode.swift; path = MapsApp.swift; sourceTree = "<group>"; };
		04574BA3282E8F7300B53965 /* Assets.xcassets */ = {isa = PBXFileReference; lastKnownFileType = folder.assetcatalog; path = Assets.xcassets; sourceTree = "<group>"; };
		04574BA6282E8F7300B53965 /* Preview Assets.xcassets */ = {isa = PBXFileReference; lastKnownFileType = folder.assetcatalog; path = "Preview Assets.xcassets"; sourceTree = "<group>"; };
		04574BA8282E8F7300B53965 /* Maps.entitlements */ = {isa = PBXFileReference; lastKnownFileType = text.plist.entitlements; path = Maps.entitlements; sourceTree = "<group>"; };
		04574BAD282E8F7300B53965 /* MapsTests.xctest */ = {isa = PBXFileReference; explicitFileType = wrapper.cfbundle; includeInIndex = 0; path = MapsTests.xctest; sourceTree = BUILT_PRODUCTS_DIR; };
		04574BB1282E8F7300B53965 /* MapsTests.swift */ = {isa = PBXFileReference; lastKnownFileType = sourcecode.swift; path = MapsTests.swift; sourceTree = "<group>"; };
		04574BB7282E8F7300B53965 /* MapsUITests.xctest */ = {isa = PBXFileReference; explicitFileType = wrapper.cfbundle; includeInIndex = 0; path = MapsUITests.xctest; sourceTree = BUILT_PRODUCTS_DIR; };
		04574BBB282E8F7300B53965 /* MapsUITests.swift */ = {isa = PBXFileReference; lastKnownFileType = sourcecode.swift; path = MapsUITests.swift; sourceTree = "<group>"; };
		04574BBD282E8F7300B53965 /* MapsUITestsLaunchTests.swift */ = {isa = PBXFileReference; lastKnownFileType = sourcecode.swift; path = MapsUITestsLaunchTests.swift; sourceTree = "<group>"; };
		04574BCB282E921D00B53965 /* HomeScreen.swift */ = {isa = PBXFileReference; lastKnownFileType = sourcecode.swift; path = HomeScreen.swift; sourceTree = "<group>"; };
		04574BCD282E928F00B53965 /* SideBar.swift */ = {isa = PBXFileReference; lastKnownFileType = sourcecode.swift; path = SideBar.swift; sourceTree = "<group>"; };
		04574BCF282E929F00B53965 /* MapScreen.swift */ = {isa = PBXFileReference; lastKnownFileType = sourcecode.swift; path = MapScreen.swift; sourceTree = "<group>"; };
		04574BD2282E93AC00B53965 /* MapView.swift */ = {isa = PBXFileReference; lastKnownFileType = sourcecode.swift; path = MapView.swift; sourceTree = "<group>"; };
/* End PBXFileReference section */

/* Begin PBXFrameworksBuildPhase section */
		04574B99282E8F6F00B53965 /* Frameworks */ = {
			isa = PBXFrameworksBuildPhase;
			buildActionMask = 2147483647;
			files = (
			);
			runOnlyForDeploymentPostprocessing = 0;
		};
		04574BAA282E8F7300B53965 /* Frameworks */ = {
			isa = PBXFrameworksBuildPhase;
			buildActionMask = 2147483647;
			files = (
			);
			runOnlyForDeploymentPostprocessing = 0;
		};
		04574BB4282E8F7300B53965 /* Frameworks */ = {
			isa = PBXFrameworksBuildPhase;
			buildActionMask = 2147483647;
			files = (
			);
			runOnlyForDeploymentPostprocessing = 0;
		};
/* End PBXFrameworksBuildPhase section */

/* Begin PBXGroup section */
		04574B93282E8F6F00B53965 = {
			isa = PBXGroup;
			children = (
				04574B9E282E8F6F00B53965 /* Maps */,
				04574BB0282E8F7300B53965 /* MapsTests */,
				04574BBA282E8F7300B53965 /* MapsUITests */,
				04574B9D282E8F6F00B53965 /* Products */,
			);
			sourceTree = "<group>";
		};
		04574B9D282E8F6F00B53965 /* Products */ = {
			isa = PBXGroup;
			children = (
				04574B9C282E8F6F00B53965 /* Maps.app */,
				04574BAD282E8F7300B53965 /* MapsTests.xctest */,
				04574BB7282E8F7300B53965 /* MapsUITests.xctest */,
			);
			name = Products;
			sourceTree = "<group>";
		};
		04574B9E282E8F6F00B53965 /* Maps */ = {
			isa = PBXGroup;
			children = (
				04574BD1282E939900B53965 /* Views */,
				04574BCA282E920900B53965 /* Screens */,
				04574B9F282E8F6F00B53965 /* MapsApp.swift */,
				04574BA3282E8F7300B53965 /* Assets.xcassets */,
				04574BA8282E8F7300B53965 /* Maps.entitlements */,
				04574BA5282E8F7300B53965 /* Preview Content */,
			);
			path = Maps;
			sourceTree = "<group>";
		};
		04574BA5282E8F7300B53965 /* Preview Content */ = {
			isa = PBXGroup;
			children = (
				04574BA6282E8F7300B53965 /* Preview Assets.xcassets */,
			);
			path = "Preview Content";
			sourceTree = "<group>";
		};
		04574BB0282E8F7300B53965 /* MapsTests */ = {
			isa = PBXGroup;
			children = (
				04574BB1282E8F7300B53965 /* MapsTests.swift */,
			);
			path = MapsTests;
			sourceTree = "<group>";
		};
		04574BBA282E8F7300B53965 /* MapsUITests */ = {
			isa = PBXGroup;
			children = (
				04574BBB282E8F7300B53965 /* MapsUITests.swift */,
				04574BBD282E8F7300B53965 /* MapsUITestsLaunchTests.swift */,
			);
			path = MapsUITests;
			sourceTree = "<group>";
		};
		04574BCA282E920900B53965 /* Screens */ = {
			isa = PBXGroup;
			children = (
				04574BCB282E921D00B53965 /* HomeScreen.swift */,
				04574BCD282E928F00B53965 /* SideBar.swift */,
				04574BCF282E929F00B53965 /* MapScreen.swift */,
			);
			path = Screens;
			sourceTree = "<group>";
		};
		04574BD1282E939900B53965 /* Views */ = {
			isa = PBXGroup;
			children = (
				04574BD2282E93AC00B53965 /* MapView.swift */,
			);
			path = Views;
			sourceTree = "<group>";
		};
/* End PBXGroup section */

/* Begin PBXNativeTarget section */
		04574B9B282E8F6F00B53965 /* Maps */ = {
			isa = PBXNativeTarget;
			buildConfigurationList = 04574BC1282E8F7300B53965 /* Build configuration list for PBXNativeTarget "Maps" */;
			buildPhases = (
				04574B98282E8F6F00B53965 /* Sources */,
				04574B99282E8F6F00B53965 /* Frameworks */,
				04574B9A282E8F6F00B53965 /* Resources */,
			);
			buildRules = (
			);
			dependencies = (
			);
			name = Maps;
			productName = Maps;
			productReference = 04574B9C282E8F6F00B53965 /* Maps.app */;
			productType = "com.apple.product-type.application";
		};
		04574BAC282E8F7300B53965 /* MapsTests */ = {
			isa = PBXNativeTarget;
			buildConfigurationList = 04574BC4282E8F7300B53965 /* Build configuration list for PBXNativeTarget "MapsTests" */;
			buildPhases = (
				04574BA9282E8F7300B53965 /* Sources */,
				04574BAA282E8F7300B53965 /* Frameworks */,
				04574BAB282E8F7300B53965 /* Resources */,
			);
			buildRules = (
			);
			dependencies = (
				04574BAF282E8F7300B53965 /* PBXTargetDependency */,
			);
			name = MapsTests;
			productName = MapsTests;
			productReference = 04574BAD282E8F7300B53965 /* MapsTests.xctest */;
			productType = "com.apple.product-type.bundle.unit-test";
		};
		04574BB6282E8F7300B53965 /* MapsUITests */ = {
			isa = PBXNativeTarget;
			buildConfigurationList = 04574BC7282E8F7300B53965 /* Build configuration list for PBXNativeTarget "MapsUITests" */;
			buildPhases = (
				04574BB3282E8F7300B53965 /* Sources */,
				04574BB4282E8F7300B53965 /* Frameworks */,
				04574BB5282E8F7300B53965 /* Resources */,
			);
			buildRules = (
			);
			dependencies = (
				04574BB9282E8F7300B53965 /* PBXTargetDependency */,
			);
			name = MapsUITests;
			productName = MapsUITests;
			productReference = 04574BB7282E8F7300B53965 /* MapsUITests.xctest */;
			productType = "com.apple.product-type.bundle.ui-testing";
		};
/* End PBXNativeTarget section */

/* Begin PBXProject section */
		04574B94282E8F6F00B53965 /* Project object */ = {
			isa = PBXProject;
			attributes = {
				BuildIndependentTargetsInParallel = 1;
				LastSwiftUpdateCheck = 1330;
				LastUpgradeCheck = 1330;
				TargetAttributes = {
					04574B9B282E8F6F00B53965 = {
						CreatedOnToolsVersion = 13.3;
					};
					04574BAC282E8F7300B53965 = {
						CreatedOnToolsVersion = 13.3;
						TestTargetID = 04574B9B282E8F6F00B53965;
					};
					04574BB6282E8F7300B53965 = {
						CreatedOnToolsVersion = 13.3;
						TestTargetID = 04574B9B282E8F6F00B53965;
					};
				};
			};
			buildConfigurationList = 04574B97282E8F6F00B53965 /* Build configuration list for PBXProject "Maps" */;
			compatibilityVersion = "Xcode 13.0";
			developmentRegion = en;
			hasScannedForEncodings = 0;
			knownRegions = (
				en,
				Base,
			);
			mainGroup = 04574B93282E8F6F00B53965;
			productRefGroup = 04574B9D282E8F6F00B53965 /* Products */;
			projectDirPath = "";
			projectRoot = "";
			targets = (
				04574B9B282E8F6F00B53965 /* Maps */,
				04574BAC282E8F7300B53965 /* MapsTests */,
				04574BB6282E8F7300B53965 /* MapsUITests */,
			);
		};
/* End PBXProject section */

/* Begin PBXResourcesBuildPhase section */
		04574B9A282E8F6F00B53965 /* Resources */ = {
			isa = PBXResourcesBuildPhase;
			buildActionMask = 2147483647;
			files = (
				04574BA7282E8F7300B53965 /* Preview Assets.xcassets in Resources */,
				04574BA4282E8F7300B53965 /* Assets.xcassets in Resources */,
			);
			runOnlyForDeploymentPostprocessing = 0;
		};
		04574BAB282E8F7300B53965 /* Resources */ = {
			isa = PBXResourcesBuildPhase;
			buildActionMask = 2147483647;
			files = (
			);
			runOnlyForDeploymentPostprocessing = 0;
		};
		04574BB5282E8F7300B53965 /* Resources */ = {
			isa = PBXResourcesBuildPhase;
			buildActionMask = 2147483647;
			files = (
			);
			runOnlyForDeploymentPostprocessing = 0;
		};
/* End PBXResourcesBuildPhase section */

/* Begin PBXSourcesBuildPhase section */
		04574B98282E8F6F00B53965 /* Sources */ = {
			isa = PBXSourcesBuildPhase;
			buildActionMask = 2147483647;
			files = (
				04574BD0282E929F00B53965 /* MapScreen.swift in Sources */,
				04574BA0282E8F6F00B53965 /* MapsApp.swift in Sources */,
				04574BD3282E93AC00B53965 /* MapView.swift in Sources */,
				04574BCE282E928F00B53965 /* SideBar.swift in Sources */,
				04574BCC282E921D00B53965 /* HomeScreen.swift in Sources */,
			);
			runOnlyForDeploymentPostprocessing = 0;
		};
		04574BA9282E8F7300B53965 /* Sources */ = {
			isa = PBXSourcesBuildPhase;
			buildActionMask = 2147483647;
			files = (
				04574BB2282E8F7300B53965 /* MapsTests.swift in Sources */,
			);
			runOnlyForDeploymentPostprocessing = 0;
		};
		04574BB3282E8F7300B53965 /* Sources */ = {
			isa = PBXSourcesBuildPhase;
			buildActionMask = 2147483647;
			files = (
				04574BBC282E8F7300B53965 /* MapsUITests.swift in Sources */,
				04574BBE282E8F7300B53965 /* MapsUITestsLaunchTests.swift in Sources */,
			);
			runOnlyForDeploymentPostprocessing = 0;
		};
/* End PBXSourcesBuildPhase section */

/* Begin PBXTargetDependency section */
		04574BAF282E8F7300B53965 /* PBXTargetDependency */ = {
			isa = PBXTargetDependency;
			target = 04574B9B282E8F6F00B53965 /* Maps */;
			targetProxy = 04574BAE282E8F7300B53965 /* PBXContainerItemProxy */;
		};
		04574BB9282E8F7300B53965 /* PBXTargetDependency */ = {
			isa = PBXTargetDependency;
			target = 04574B9B282E8F6F00B53965 /* Maps */;
			targetProxy = 04574BB8282E8F7300B53965 /* PBXContainerItemProxy */;
		};
/* End PBXTargetDependency section */

/* Begin XCBuildConfiguration section */
		04574BBF282E8F7300B53965 /* Debug */ = {
			isa = XCBuildConfiguration;
			buildSettings = {
				ALWAYS_SEARCH_USER_PATHS = NO;
				CLANG_ANALYZER_NONNULL = YES;
				CLANG_ANALYZER_NUMBER_OBJECT_CONVERSION = YES_AGGRESSIVE;
				CLANG_CXX_LANGUAGE_STANDARD = "gnu++17";
				CLANG_ENABLE_MODULES = YES;
				CLANG_ENABLE_OBJC_ARC = YES;
				CLANG_ENABLE_OBJC_WEAK = YES;
				CLANG_WARN_BLOCK_CAPTURE_AUTORELEASING = YES;
				CLANG_WARN_BOOL_CONVERSION = YES;
				CLANG_WARN_COMMA = YES;
				CLANG_WARN_CONSTANT_CONVERSION = YES;
				CLANG_WARN_DEPRECATED_OBJC_IMPLEMENTATIONS = YES;
				CLANG_WARN_DIRECT_OBJC_ISA_USAGE = YES_ERROR;
				CLANG_WARN_DOCUMENTATION_COMMENTS = YES;
				CLANG_WARN_EMPTY_BODY = YES;
				CLANG_WARN_ENUM_CONVERSION = YES;
				CLANG_WARN_INFINITE_RECURSION = YES;
				CLANG_WARN_INT_CONVERSION = YES;
				CLANG_WARN_NON_LITERAL_NULL_CONVERSION = YES;
				CLANG_WARN_OBJC_IMPLICIT_RETAIN_SELF = YES;
				CLANG_WARN_OBJC_LITERAL_CONVERSION = YES;
				CLANG_WARN_OBJC_ROOT_CLASS = YES_ERROR;
				CLANG_WARN_QUOTED_INCLUDE_IN_FRAMEWORK_HEADER = YES;
				CLANG_WARN_RANGE_LOOP_ANALYSIS = YES;
				CLANG_WARN_STRICT_PROTOTYPES = YES;
				CLANG_WARN_SUSPICIOUS_MOVE = YES;
				CLANG_WARN_UNGUARDED_AVAILABILITY = YES_AGGRESSIVE;
				CLANG_WARN_UNREACHABLE_CODE = YES;
				CLANG_WARN__DUPLICATE_METHOD_MATCH = YES;
				COPY_PHASE_STRIP = NO;
				DEBUG_INFORMATION_FORMAT = dwarf;
				ENABLE_STRICT_OBJC_MSGSEND = YES;
				ENABLE_TESTABILITY = YES;
				GCC_C_LANGUAGE_STANDARD = gnu11;
				GCC_DYNAMIC_NO_PIC = NO;
				GCC_NO_COMMON_BLOCKS = YES;
				GCC_OPTIMIZATION_LEVEL = 0;
				GCC_PREPROCESSOR_DEFINITIONS = (
					"DEBUG=1",
					"$(inherited)",
				);
				GCC_WARN_64_TO_32_BIT_CONVERSION = YES;
				GCC_WARN_ABOUT_RETURN_TYPE = YES_ERROR;
				GCC_WARN_UNDECLARED_SELECTOR = YES;
				GCC_WARN_UNINITIALIZED_AUTOS = YES_AGGRESSIVE;
				GCC_WARN_UNUSED_FUNCTION = YES;
				GCC_WARN_UNUSED_VARIABLE = YES;
				MACOSX_DEPLOYMENT_TARGET = 12.3;
				MTL_ENABLE_DEBUG_INFO = INCLUDE_SOURCE;
				MTL_FAST_MATH = YES;
				ONLY_ACTIVE_ARCH = YES;
				SDKROOT = macosx;
				SWIFT_ACTIVE_COMPILATION_CONDITIONS = DEBUG;
				SWIFT_OPTIMIZATION_LEVEL = "-Onone";
			};
			name = Debug;
		};
		04574BC0282E8F7300B53965 /* Release */ = {
			isa = XCBuildConfiguration;
			buildSettings = {
				ALWAYS_SEARCH_USER_PATHS = NO;
				CLANG_ANALYZER_NONNULL = YES;
				CLANG_ANALYZER_NUMBER_OBJECT_CONVERSION = YES_AGGRESSIVE;
				CLANG_CXX_LANGUAGE_STANDARD = "gnu++17";
				CLANG_ENABLE_MODULES = YES;
				CLANG_ENABLE_OBJC_ARC = YES;
				CLANG_ENABLE_OBJC_WEAK = YES;
				CLANG_WARN_BLOCK_CAPTURE_AUTORELEASING = YES;
				CLANG_WARN_BOOL_CONVERSION = YES;
				CLANG_WARN_COMMA = YES;
				CLANG_WARN_CONSTANT_CONVERSION = YES;
				CLANG_WARN_DEPRECATED_OBJC_IMPLEMENTATIONS = YES;
				CLANG_WARN_DIRECT_OBJC_ISA_USAGE = YES_ERROR;
				CLANG_WARN_DOCUMENTATION_COMMENTS = YES;
				CLANG_WARN_EMPTY_BODY = YES;
				CLANG_WARN_ENUM_CONVERSION = YES;
				CLANG_WARN_INFINITE_RECURSION = YES;
				CLANG_WARN_INT_CONVERSION = YES;
				CLANG_WARN_NON_LITERAL_NULL_CONVERSION = YES;
				CLANG_WARN_OBJC_IMPLICIT_RETAIN_SELF = YES;
				CLANG_WARN_OBJC_LITERAL_CONVERSION = YES;
				CLANG_WARN_OBJC_ROOT_CLASS = YES_ERROR;
				CLANG_WARN_QUOTED_INCLUDE_IN_FRAMEWORK_HEADER = YES;
				CLANG_WARN_RANGE_LOOP_ANALYSIS = YES;
				CLANG_WARN_STRICT_PROTOTYPES = YES;
				CLANG_WARN_SUSPICIOUS_MOVE = YES;
				CLANG_WARN_UNGUARDED_AVAILABILITY = YES_AGGRESSIVE;
				CLANG_WARN_UNREACHABLE_CODE = YES;
				CLANG_WARN__DUPLICATE_METHOD_MATCH = YES;
				COPY_PHASE_STRIP = NO;
				DEBUG_INFORMATION_FORMAT = "dwarf-with-dsym";
				ENABLE_NS_ASSERTIONS = NO;
				ENABLE_STRICT_OBJC_MSGSEND = YES;
				GCC_C_LANGUAGE_STANDARD = gnu11;
				GCC_NO_COMMON_BLOCKS = YES;
				GCC_WARN_64_TO_32_BIT_CONVERSION = YES;
				GCC_WARN_ABOUT_RETURN_TYPE = YES_ERROR;
				GCC_WARN_UNDECLARED_SELECTOR = YES;
				GCC_WARN_UNINITIALIZED_AUTOS = YES_AGGRESSIVE;
				GCC_WARN_UNUSED_FUNCTION = YES;
				GCC_WARN_UNUSED_VARIABLE = YES;
				MACOSX_DEPLOYMENT_TARGET = 12.3;
				MTL_ENABLE_DEBUG_INFO = NO;
				MTL_FAST_MATH = YES;
				SDKROOT = macosx;
				SWIFT_COMPILATION_MODE = wholemodule;
				SWIFT_OPTIMIZATION_LEVEL = "-O";
			};
			name = Release;
		};
		04574BC2282E8F7300B53965 /* Debug */ = {
			isa = XCBuildConfiguration;
			buildSettings = {
				ASSETCATALOG_COMPILER_APPICON_NAME = AppIcon;
				ASSETCATALOG_COMPILER_GLOBAL_ACCENT_COLOR_NAME = AccentColor;
				CODE_SIGN_ENTITLEMENTS = Maps/Maps.entitlements;
				CODE_SIGN_STYLE = Automatic;
				COMBINE_HIDPI_IMAGES = YES;
				CURRENT_PROJECT_VERSION = 1;
				DEVELOPMENT_ASSET_PATHS = "\"Maps/Preview Content\"";
				DEVELOPMENT_TEAM = RT32ZWV93X;
				ENABLE_HARDENED_RUNTIME = YES;
				ENABLE_PREVIEWS = YES;
				GENERATE_INFOPLIST_FILE = YES;
				INFOPLIST_KEY_NSHumanReadableCopyright = "";
				LD_RUNPATH_SEARCH_PATHS = (
					"$(inherited)",
					"@executable_path/../Frameworks",
				);
				MARKETING_VERSION = 1.0;
				PRODUCT_BUNDLE_IDENTIFIER = au.com.bitpointx.Maps;
				PRODUCT_NAME = "$(TARGET_NAME)";
				SWIFT_EMIT_LOC_STRINGS = YES;
				SWIFT_VERSION = 5.0;
			};
			name = Debug;
		};
		04574BC3282E8F7300B53965 /* Release */ = {
			isa = XCBuildConfiguration;
			buildSettings = {
				ASSETCATALOG_COMPILER_APPICON_NAME = AppIcon;
				ASSETCATALOG_COMPILER_GLOBAL_ACCENT_COLOR_NAME = AccentColor;
				CODE_SIGN_ENTITLEMENTS = Maps/Maps.entitlements;
				CODE_SIGN_STYLE = Automatic;
				COMBINE_HIDPI_IMAGES = YES;
				CURRENT_PROJECT_VERSION = 1;
				DEVELOPMENT_ASSET_PATHS = "\"Maps/Preview Content\"";
				DEVELOPMENT_TEAM = RT32ZWV93X;
				ENABLE_HARDENED_RUNTIME = YES;
				ENABLE_PREVIEWS = YES;
				GENERATE_INFOPLIST_FILE = YES;
				INFOPLIST_KEY_NSHumanReadableCopyright = "";
				LD_RUNPATH_SEARCH_PATHS = (
					"$(inherited)",
					"@executable_path/../Frameworks",
				);
				MARKETING_VERSION = 1.0;
				PRODUCT_BUNDLE_IDENTIFIER = au.com.bitpointx.Maps;
				PRODUCT_NAME = "$(TARGET_NAME)";
				SWIFT_EMIT_LOC_STRINGS = YES;
				SWIFT_VERSION = 5.0;
			};
			name = Release;
		};
		04574BC5282E8F7300B53965 /* Debug */ = {
			isa = XCBuildConfiguration;
			buildSettings = {
				ALWAYS_EMBED_SWIFT_STANDARD_LIBRARIES = YES;
				BUNDLE_LOADER = "$(TEST_HOST)";
				CODE_SIGN_STYLE = Automatic;
				CURRENT_PROJECT_VERSION = 1;
				DEVELOPMENT_TEAM = RT32ZWV93X;
				GENERATE_INFOPLIST_FILE = YES;
				MACOSX_DEPLOYMENT_TARGET = 12.3;
				MARKETING_VERSION = 1.0;
				PRODUCT_BUNDLE_IDENTIFIER = au.com.bitpointx.MapsTests;
				PRODUCT_NAME = "$(TARGET_NAME)";
				SWIFT_EMIT_LOC_STRINGS = NO;
				SWIFT_VERSION = 5.0;
				TEST_HOST = "$(BUILT_PRODUCTS_DIR)/Maps.app/Contents/MacOS/Maps";
			};
			name = Debug;
		};
		04574BC6282E8F7300B53965 /* Release */ = {
			isa = XCBuildConfiguration;
			buildSettings = {
				ALWAYS_EMBED_SWIFT_STANDARD_LIBRARIES = YES;
				BUNDLE_LOADER = "$(TEST_HOST)";
				CODE_SIGN_STYLE = Automatic;
				CURRENT_PROJECT_VERSION = 1;
				DEVELOPMENT_TEAM = RT32ZWV93X;
				GENERATE_INFOPLIST_FILE = YES;
				MACOSX_DEPLOYMENT_TARGET = 12.3;
				MARKETING_VERSION = 1.0;
				PRODUCT_BUNDLE_IDENTIFIER = au.com.bitpointx.MapsTests;
				PRODUCT_NAME = "$(TARGET_NAME)";
				SWIFT_EMIT_LOC_STRINGS = NO;
				SWIFT_VERSION = 5.0;
				TEST_HOST = "$(BUILT_PRODUCTS_DIR)/Maps.app/Contents/MacOS/Maps";
			};
			name = Release;
		};
		04574BC8282E8F7300B53965 /* Debug */ = {
			isa = XCBuildConfiguration;
			buildSettings = {
				ALWAYS_EMBED_SWIFT_STANDARD_LIBRARIES = YES;
				CODE_SIGN_STYLE = Automatic;
				CURRENT_PROJECT_VERSION = 1;
				DEVELOPMENT_TEAM = RT32ZWV93X;
				GENERATE_INFOPLIST_FILE = YES;
				MARKETING_VERSION = 1.0;
				PRODUCT_BUNDLE_IDENTIFIER = au.com.bitpointx.MapsUITests;
				PRODUCT_NAME = "$(TARGET_NAME)";
				SWIFT_EMIT_LOC_STRINGS = NO;
				SWIFT_VERSION = 5.0;
				TEST_TARGET_NAME = Maps;
			};
			name = Debug;
		};
		04574BC9282E8F7300B53965 /* Release */ = {
			isa = XCBuildConfiguration;
			buildSettings = {
				ALWAYS_EMBED_SWIFT_STANDARD_LIBRARIES = YES;
				CODE_SIGN_STYLE = Automatic;
				CURRENT_PROJECT_VERSION = 1;
				DEVELOPMENT_TEAM = RT32ZWV93X;
				GENERATE_INFOPLIST_FILE = YES;
				MARKETING_VERSION = 1.0;
				PRODUCT_BUNDLE_IDENTIFIER = au.com.bitpointx.MapsUITests;
				PRODUCT_NAME = "$(TARGET_NAME)";
				SWIFT_EMIT_LOC_STRINGS = NO;
				SWIFT_VERSION = 5.0;
				TEST_TARGET_NAME = Maps;
			};
			name = Release;
		};
/* End XCBuildConfiguration section */

/* Begin XCConfigurationList section */
		04574B97282E8F6F00B53965 /* Build configuration list for PBXProject "Maps" */ = {
			isa = XCConfigurationList;
			buildConfigurations = (
				04574BBF282E8F7300B53965 /* Debug */,
				04574BC0282E8F7300B53965 /* Release */,
			);
			defaultConfigurationIsVisible = 0;
			defaultConfigurationName = Release;
		};
		04574BC1282E8F7300B53965 /* Build configuration list for PBXNativeTarget "Maps" */ = {
			isa = XCConfigurationList;
			buildConfigurations = (
				04574BC2282E8F7300B53965 /* Debug */,
				04574BC3282E8F7300B53965 /* Release */,
			);
			defaultConfigurationIsVisible = 0;
			defaultConfigurationName = Release;
		};
		04574BC4282E8F7300B53965 /* Build configuration list for PBXNativeTarget "MapsTests" */ = {
			isa = XCConfigurationList;
			buildConfigurations = (
				04574BC5282E8F7300B53965 /* Debug */,
				04574BC6282E8F7300B53965 /* Release */,
			);
			defaultConfigurationIsVisible = 0;
			defaultConfigurationName = Release;
		};
		04574BC7282E8F7300B53965 /* Build configuration list for PBXNativeTarget "MapsUITests" */ = {
			isa = XCConfigurationList;
			buildConfigurations = (
				04574BC8282E8F7300B53965 /* Debug */,
				04574BC9282E8F7300B53965 /* Release */,
			);
			defaultConfigurationIsVisible = 0;
			defaultConfigurationName = Release;
		};
/* End XCConfigurationList section */
	};
	rootObject = 04574B94282E8F6F00B53965 /* Project object */;
}
